// !$*UTF8*$!
{
	archiveVersion = 1;
	classes = {
	};
	objectVersion = 56;
	objects = {

/* Begin PBXBuildFile section */
		018BF0DAA77D07A0CBAD8B9C /* APIListInteractorOutput.swift in Sources */ = {isa = PBXBuildFile; fileRef = F58894CAAD0DFD274B5A14A1 /* APIListInteractorOutput.swift */; };
		0AD2DA0806923800476DF3F2 /* APODsAssembly.swift in Sources */ = {isa = PBXBuildFile; fileRef = F62B611A603FFA4E2B3EF527 /* APODsAssembly.swift */; };
		1699631156A8CCB1C882D6C9 /* APIListViewInput.swift in Sources */ = {isa = PBXBuildFile; fileRef = 052696C85BDF3840C2C7BB2F /* APIListViewInput.swift */; };
		23A75BBD2BB9756800DA276D /* AppDelegate.swift in Sources */ = {isa = PBXBuildFile; fileRef = 23A75BBC2BB9756800DA276D /* AppDelegate.swift */; };
		23A75BBF2BB9756800DA276D /* SceneDelegate.swift in Sources */ = {isa = PBXBuildFile; fileRef = 23A75BBE2BB9756800DA276D /* SceneDelegate.swift */; };
		23A75BC62BB9756900DA276D /* Assets.xcassets in Resources */ = {isa = PBXBuildFile; fileRef = 23A75BC52BB9756900DA276D /* Assets.xcassets */; };
		23A75BC92BB9756900DA276D /* LaunchScreen.storyboard in Resources */ = {isa = PBXBuildFile; fileRef = 23A75BC72BB9756900DA276D /* LaunchScreen.storyboard */; };
		23A75BD72BB9934C00DA276D /* BaseCoordinatorProtocol.swift in Sources */ = {isa = PBXBuildFile; fileRef = 23A75BD62BB9934C00DA276D /* BaseCoordinatorProtocol.swift */; };
		23A75BDA2BB993A200DA276D /* MainCoordinator.swift in Sources */ = {isa = PBXBuildFile; fileRef = 23A75BD92BB993A200DA276D /* MainCoordinator.swift */; };
		23A75BF82BBA7CBE00DA276D /* SnapKit in Frameworks */ = {isa = PBXBuildFile; productRef = 23A75BF72BBA7CBE00DA276D /* SnapKit */; };
		23A75C152BBAD20800DA276D /* APIListCellModel.swift in Sources */ = {isa = PBXBuildFile; fileRef = 23A75C142BBAD20800DA276D /* APIListCellModel.swift */; };
		23A75C312BBADBB700DA276D /* BaseViewController.swift in Sources */ = {isa = PBXBuildFile; fileRef = 23A75C302BBADBB700DA276D /* BaseViewController.swift */; };
		23A75C332BBAE0C300DA276D /* APODsCoordinator.swift in Sources */ = {isa = PBXBuildFile; fileRef = 23A75C322BBAE0C300DA276D /* APODsCoordinator.swift */; };
		3B5B096A6BF78401C833E273 /* APIListViewOutput.swift in Sources */ = {isa = PBXBuildFile; fileRef = 2C9FBB02E52A85FFC6E18E4E /* APIListViewOutput.swift */; };
		41B272E6471878F3D7FE49B7 /* APODsPresenter.swift in Sources */ = {isa = PBXBuildFile; fileRef = 4EE7ACE40A2AFCD11C23C207 /* APODsPresenter.swift */; };
		466C1CE6F2D170AA4CC8F31F /* APIListPresenter.swift in Sources */ = {isa = PBXBuildFile; fileRef = 8C83A6E37181A58ED4223291 /* APIListPresenter.swift */; };
		5695CD205D03263BEFABE6D1 /* APIListViewController.swift in Sources */ = {isa = PBXBuildFile; fileRef = 7A3E64887677CBC0D2751958 /* APIListViewController.swift */; };
		5F235E029FB909BA5455FCA5 /* APODsInteractor.swift in Sources */ = {isa = PBXBuildFile; fileRef = 8D845D687C6C97F38FA378CF /* APODsInteractor.swift */; };
		7418CDCB40B41F917809AF77 /* APIListAssembly.swift in Sources */ = {isa = PBXBuildFile; fileRef = F2105377EBFDF45461C881B3 /* APIListAssembly.swift */; };
		8AA9ABF266A247A5CA6AA830 /* APIListModuleOutput.swift in Sources */ = {isa = PBXBuildFile; fileRef = 9D0152B8E504B4FBC2C21781 /* APIListModuleOutput.swift */; };
		8B90AE306C5C14C845E5DFCB /* APODsModuleOutput.swift in Sources */ = {isa = PBXBuildFile; fileRef = E8F747E3ECF90E41498B5973 /* APODsModuleOutput.swift */; };
		917B9A7A86A485B15BEAF1BB /* APIListInteractor.swift in Sources */ = {isa = PBXBuildFile; fileRef = 9C989DF38802ECF09794E21D /* APIListInteractor.swift */; };
		B767420D20D21B46363E3970 /* APODsInteractorInput.swift in Sources */ = {isa = PBXBuildFile; fileRef = 76C61D782A63D181CF493D64 /* APODsInteractorInput.swift */; };
		C5217B7D546EFE406C6879B3 /* APODsViewController.swift in Sources */ = {isa = PBXBuildFile; fileRef = A0618CD7C89E6A89FA2576E9 /* APODsViewController.swift */; };
		D308F3490B91FF108B1048A8 /* APODsInteractorOutput.swift in Sources */ = {isa = PBXBuildFile; fileRef = FFE26B841BA100C21076B4B7 /* APODsInteractorOutput.swift */; };
		D698DD4ED67FE023B6F72201 /* APODsViewInput.swift in Sources */ = {isa = PBXBuildFile; fileRef = F183C1653D1A16B9ECD8878F /* APODsViewInput.swift */; };
		E3BE5580C90FCCA05442D98F /* APIListInteractorInput.swift in Sources */ = {isa = PBXBuildFile; fileRef = E1FCA99D0DA2E0826F052FCF /* APIListInteractorInput.swift */; };
		E83C101BCE7C58F3EE284CF8 /* APODsViewOutput.swift in Sources */ = {isa = PBXBuildFile; fileRef = 068A5E937C54A1353E64E480 /* APODsViewOutput.swift */; };
/* End PBXBuildFile section */

/* Begin PBXFileReference section */
		052696C85BDF3840C2C7BB2F /* APIListViewInput.swift */ = {isa = PBXFileReference; includeInIndex = 1; lastKnownFileType = sourcecode.swift; path = APIListViewInput.swift; sourceTree = "<group>"; };
		068A5E937C54A1353E64E480 /* APODsViewOutput.swift */ = {isa = PBXFileReference; includeInIndex = 1; lastKnownFileType = sourcecode.swift; path = APODsViewOutput.swift; sourceTree = "<group>"; };
		23A75BB92BB9756800DA276D /* NASA-APIs.app */ = {isa = PBXFileReference; explicitFileType = wrapper.application; includeInIndex = 0; path = "NASA-APIs.app"; sourceTree = BUILT_PRODUCTS_DIR; };
		23A75BBC2BB9756800DA276D /* AppDelegate.swift */ = {isa = PBXFileReference; lastKnownFileType = sourcecode.swift; path = AppDelegate.swift; sourceTree = "<group>"; };
		23A75BBE2BB9756800DA276D /* SceneDelegate.swift */ = {isa = PBXFileReference; lastKnownFileType = sourcecode.swift; path = SceneDelegate.swift; sourceTree = "<group>"; };
		23A75BC52BB9756900DA276D /* Assets.xcassets */ = {isa = PBXFileReference; lastKnownFileType = folder.assetcatalog; path = Assets.xcassets; sourceTree = "<group>"; };
		23A75BC82BB9756900DA276D /* Base */ = {isa = PBXFileReference; lastKnownFileType = file.storyboard; name = Base; path = Base.lproj/LaunchScreen.storyboard; sourceTree = "<group>"; };
		23A75BCA2BB9756900DA276D /* Info.plist */ = {isa = PBXFileReference; lastKnownFileType = text.plist.xml; path = Info.plist; sourceTree = "<group>"; };
		23A75BD62BB9934C00DA276D /* BaseCoordinatorProtocol.swift */ = {isa = PBXFileReference; lastKnownFileType = sourcecode.swift; path = BaseCoordinatorProtocol.swift; sourceTree = "<group>"; };
		23A75BD92BB993A200DA276D /* MainCoordinator.swift */ = {isa = PBXFileReference; lastKnownFileType = sourcecode.swift; path = MainCoordinator.swift; sourceTree = "<group>"; };
		23A75C142BBAD20800DA276D /* APIListCellModel.swift */ = {isa = PBXFileReference; lastKnownFileType = sourcecode.swift; path = APIListCellModel.swift; sourceTree = "<group>"; };
		23A75C302BBADBB700DA276D /* BaseViewController.swift */ = {isa = PBXFileReference; lastKnownFileType = sourcecode.swift; path = BaseViewController.swift; sourceTree = "<group>"; };
		23A75C322BBAE0C300DA276D /* APODsCoordinator.swift */ = {isa = PBXFileReference; lastKnownFileType = sourcecode.swift; path = APODsCoordinator.swift; sourceTree = "<group>"; };
		2C9FBB02E52A85FFC6E18E4E /* APIListViewOutput.swift */ = {isa = PBXFileReference; includeInIndex = 1; lastKnownFileType = sourcecode.swift; path = APIListViewOutput.swift; sourceTree = "<group>"; };
		4EE7ACE40A2AFCD11C23C207 /* APODsPresenter.swift */ = {isa = PBXFileReference; includeInIndex = 1; lastKnownFileType = sourcecode.swift; path = APODsPresenter.swift; sourceTree = "<group>"; };
		76C61D782A63D181CF493D64 /* APODsInteractorInput.swift */ = {isa = PBXFileReference; includeInIndex = 1; lastKnownFileType = sourcecode.swift; path = APODsInteractorInput.swift; sourceTree = "<group>"; };
		7A3E64887677CBC0D2751958 /* APIListViewController.swift */ = {isa = PBXFileReference; includeInIndex = 1; lastKnownFileType = sourcecode.swift; path = APIListViewController.swift; sourceTree = "<group>"; };
		8C83A6E37181A58ED4223291 /* APIListPresenter.swift */ = {isa = PBXFileReference; includeInIndex = 1; lastKnownFileType = sourcecode.swift; path = APIListPresenter.swift; sourceTree = "<group>"; };
		8D845D687C6C97F38FA378CF /* APODsInteractor.swift */ = {isa = PBXFileReference; includeInIndex = 1; lastKnownFileType = sourcecode.swift; path = APODsInteractor.swift; sourceTree = "<group>"; };
		9C989DF38802ECF09794E21D /* APIListInteractor.swift */ = {isa = PBXFileReference; includeInIndex = 1; lastKnownFileType = sourcecode.swift; path = APIListInteractor.swift; sourceTree = "<group>"; };
		9D0152B8E504B4FBC2C21781 /* APIListModuleOutput.swift */ = {isa = PBXFileReference; includeInIndex = 1; lastKnownFileType = sourcecode.swift; path = APIListModuleOutput.swift; sourceTree = "<group>"; };
		A0618CD7C89E6A89FA2576E9 /* APODsViewController.swift */ = {isa = PBXFileReference; includeInIndex = 1; lastKnownFileType = sourcecode.swift; path = APODsViewController.swift; sourceTree = "<group>"; };
		E1FCA99D0DA2E0826F052FCF /* APIListInteractorInput.swift */ = {isa = PBXFileReference; includeInIndex = 1; lastKnownFileType = sourcecode.swift; path = APIListInteractorInput.swift; sourceTree = "<group>"; };
		E8F747E3ECF90E41498B5973 /* APODsModuleOutput.swift */ = {isa = PBXFileReference; includeInIndex = 1; lastKnownFileType = sourcecode.swift; path = APODsModuleOutput.swift; sourceTree = "<group>"; };
		F183C1653D1A16B9ECD8878F /* APODsViewInput.swift */ = {isa = PBXFileReference; includeInIndex = 1; lastKnownFileType = sourcecode.swift; path = APODsViewInput.swift; sourceTree = "<group>"; };
		F2105377EBFDF45461C881B3 /* APIListAssembly.swift */ = {isa = PBXFileReference; includeInIndex = 1; lastKnownFileType = sourcecode.swift; path = APIListAssembly.swift; sourceTree = "<group>"; };
		F58894CAAD0DFD274B5A14A1 /* APIListInteractorOutput.swift */ = {isa = PBXFileReference; includeInIndex = 1; lastKnownFileType = sourcecode.swift; path = APIListInteractorOutput.swift; sourceTree = "<group>"; };
		F62B611A603FFA4E2B3EF527 /* APODsAssembly.swift */ = {isa = PBXFileReference; includeInIndex = 1; lastKnownFileType = sourcecode.swift; path = APODsAssembly.swift; sourceTree = "<group>"; };
		FFE26B841BA100C21076B4B7 /* APODsInteractorOutput.swift */ = {isa = PBXFileReference; includeInIndex = 1; lastKnownFileType = sourcecode.swift; path = APODsInteractorOutput.swift; sourceTree = "<group>"; };
/* End PBXFileReference section */

/* Begin PBXFrameworksBuildPhase section */
		23A75BB62BB9756800DA276D /* Frameworks */ = {
			isa = PBXFrameworksBuildPhase;
			buildActionMask = 2147483647;
			files = (
				23A75BF82BBA7CBE00DA276D /* SnapKit in Frameworks */,
			);
			runOnlyForDeploymentPostprocessing = 0;
		};
/* End PBXFrameworksBuildPhase section */

/* Begin PBXGroup section */
		1629D8E04B358DD509C22302 /* Assembly */ = {
			isa = PBXGroup;
			children = (
				F62B611A603FFA4E2B3EF527 /* APODsAssembly.swift */,
				E8F747E3ECF90E41498B5973 /* APODsModuleOutput.swift */,
			);
			path = Assembly;
			sourceTree = "<group>";
		};
		23A75BB02BB9756800DA276D = {
			isa = PBXGroup;
			children = (
				23A75BBB2BB9756800DA276D /* NASA-APIs */,
				23A75BBA2BB9756800DA276D /* Products */,
			);
			sourceTree = "<group>";
		};
		23A75BBA2BB9756800DA276D /* Products */ = {
			isa = PBXGroup;
			children = (
				23A75BB92BB9756800DA276D /* NASA-APIs.app */,
			);
			name = Products;
			sourceTree = "<group>";
		};
		23A75BBB2BB9756800DA276D /* NASA-APIs */ = {
			isa = PBXGroup;
			children = (
				23A75BD22BB97AB500DA276D /* Configs */,
				23A75BD52BB983CA00DA276D /* Modules */,
				23A75BD42BB97B1500DA276D /* Sources */,
				23A75BD32BB97B0300DA276D /* Storyboards */,
				23A75BD82BB9935100DA276D /* Base */,
			);
			path = "NASA-APIs";
			sourceTree = "<group>";
		};
		23A75BD22BB97AB500DA276D /* Configs */ = {
			isa = PBXGroup;
			children = (
				23A75BBC2BB9756800DA276D /* AppDelegate.swift */,
				23A75BBE2BB9756800DA276D /* SceneDelegate.swift */,
				23A75BCA2BB9756900DA276D /* Info.plist */,
			);
			path = Configs;
			sourceTree = "<group>";
		};
		23A75BD32BB97B0300DA276D /* Storyboards */ = {
			isa = PBXGroup;
			children = (
				23A75BC72BB9756900DA276D /* LaunchScreen.storyboard */,
			);
			path = Storyboards;
			sourceTree = "<group>";
		};
		23A75BD42BB97B1500DA276D /* Sources */ = {
			isa = PBXGroup;
			children = (
				23A75BC52BB9756900DA276D /* Assets.xcassets */,
			);
			path = Sources;
			sourceTree = "<group>";
		};
		23A75BD52BB983CA00DA276D /* Modules */ = {
			isa = PBXGroup;
			children = (
				2F09D86F58A3031B65A8EBD3 /* APIList */,
				83EEB33B3271BDAB5572ABF6 /* APODs */,
			);
			path = Modules;
			sourceTree = "<group>";
		};
		23A75BD82BB9935100DA276D /* Base */ = {
			isa = PBXGroup;
			children = (
				23A75BD62BB9934C00DA276D /* BaseCoordinatorProtocol.swift */,
				23A75BD92BB993A200DA276D /* MainCoordinator.swift */,
				23A75C302BBADBB700DA276D /* BaseViewController.swift */,
			);
			path = Base;
			sourceTree = "<group>";
		};
		23A75C162BBAD22000DA276D /* Models */ = {
			isa = PBXGroup;
			children = (
				23A75C142BBAD20800DA276D /* APIListCellModel.swift */,
			);
			path = Models;
			sourceTree = "<group>";
		};
		23A75C392BBAF51600DA276D /* Coordinator */ = {
			isa = PBXGroup;
			children = (
				23A75C322BBAE0C300DA276D /* APODsCoordinator.swift */,
			);
			path = Coordinator;
			sourceTree = "<group>";
		};
		2E5A871FD9B730582ED8C9C2 /* Interactor */ = {
			isa = PBXGroup;
			children = (
				76C61D782A63D181CF493D64 /* APODsInteractorInput.swift */,
				8D845D687C6C97F38FA378CF /* APODsInteractor.swift */,
			);
			path = Interactor;
			sourceTree = "<group>";
		};
		2F09D86F58A3031B65A8EBD3 /* APIList */ = {
			isa = PBXGroup;
			children = (
				E1555FC79CD52C5AA7911914 /* View */,
				FD665F9AFECB34004B666BD4 /* Presenter */,
				AD72575FD5209DD59AA6BB22 /* Interactor */,
				B40BD3782532CC1C2F0CF37D /* Assembly */,
				23A75C162BBAD22000DA276D /* Models */,
			);
			path = APIList;
			sourceTree = "<group>";
		};
		83EEB33B3271BDAB5572ABF6 /* APODs */ = {
			isa = PBXGroup;
			children = (
				D20D2287E4D6D12ED9EFD4EE /* View */,
				998CE14DD2954B9569A578D2 /* Presenter */,
				2E5A871FD9B730582ED8C9C2 /* Interactor */,
				1629D8E04B358DD509C22302 /* Assembly */,
				23A75C392BBAF51600DA276D /* Coordinator */,
			);
			path = APODs;
			sourceTree = "<group>";
		};
		998CE14DD2954B9569A578D2 /* Presenter */ = {
			isa = PBXGroup;
			children = (
				4EE7ACE40A2AFCD11C23C207 /* APODsPresenter.swift */,
				FFE26B841BA100C21076B4B7 /* APODsInteractorOutput.swift */,
				068A5E937C54A1353E64E480 /* APODsViewOutput.swift */,
			);
			path = Presenter;
			sourceTree = "<group>";
		};
		AD72575FD5209DD59AA6BB22 /* Interactor */ = {
			isa = PBXGroup;
			children = (
				E1FCA99D0DA2E0826F052FCF /* APIListInteractorInput.swift */,
				9C989DF38802ECF09794E21D /* APIListInteractor.swift */,
			);
			path = Interactor;
			sourceTree = "<group>";
		};
		B40BD3782532CC1C2F0CF37D /* Assembly */ = {
			isa = PBXGroup;
			children = (
				F2105377EBFDF45461C881B3 /* APIListAssembly.swift */,
				9D0152B8E504B4FBC2C21781 /* APIListModuleOutput.swift */,
			);
			path = Assembly;
			sourceTree = "<group>";
		};
		D20D2287E4D6D12ED9EFD4EE /* View */ = {
			isa = PBXGroup;
			children = (
				F183C1653D1A16B9ECD8878F /* APODsViewInput.swift */,
				A0618CD7C89E6A89FA2576E9 /* APODsViewController.swift */,
			);
			path = View;
			sourceTree = "<group>";
		};
		E1555FC79CD52C5AA7911914 /* View */ = {
			isa = PBXGroup;
			children = (
				052696C85BDF3840C2C7BB2F /* APIListViewInput.swift */,
				7A3E64887677CBC0D2751958 /* APIListViewController.swift */,
			);
			path = View;
			sourceTree = "<group>";
		};
		FD665F9AFECB34004B666BD4 /* Presenter */ = {
			isa = PBXGroup;
			children = (
				8C83A6E37181A58ED4223291 /* APIListPresenter.swift */,
				F58894CAAD0DFD274B5A14A1 /* APIListInteractorOutput.swift */,
				2C9FBB02E52A85FFC6E18E4E /* APIListViewOutput.swift */,
			);
			path = Presenter;
			sourceTree = "<group>";
		};
/* End PBXGroup section */

/* Begin PBXNativeTarget section */
		23A75BB82BB9756800DA276D /* NASA-APIs */ = {
			isa = PBXNativeTarget;
			buildConfigurationList = 23A75BCD2BB9756900DA276D /* Build configuration list for PBXNativeTarget "NASA-APIs" */;
			buildPhases = (
				23A75BB52BB9756800DA276D /* Sources */,
				23A75BB62BB9756800DA276D /* Frameworks */,
				23A75BB72BB9756800DA276D /* Resources */,
			);
			buildRules = (
			);
			dependencies = (
			);
			name = "NASA-APIs";
			packageProductDependencies = (
				23A75BF72BBA7CBE00DA276D /* SnapKit */,
			);
			productName = "NASA-APIs";
			productReference = 23A75BB92BB9756800DA276D /* NASA-APIs.app */;
			productType = "com.apple.product-type.application";
		};
/* End PBXNativeTarget section */

/* Begin PBXProject section */
		23A75BB12BB9756800DA276D /* Project object */ = {
			isa = PBXProject;
			attributes = {
				BuildIndependentTargetsInParallel = 1;
				LastSwiftUpdateCheck = 1500;
				LastUpgradeCheck = 1500;
				TargetAttributes = {
					23A75BB82BB9756800DA276D = {
						CreatedOnToolsVersion = 15.0.1;
					};
				};
			};
			buildConfigurationList = 23A75BB42BB9756800DA276D /* Build configuration list for PBXProject "NASA-APIs" */;
			compatibilityVersion = "Xcode 14.0";
			developmentRegion = en;
			hasScannedForEncodings = 0;
			knownRegions = (
				en,
				Base,
			);
			mainGroup = 23A75BB02BB9756800DA276D;
			packageReferences = (
				23A75BF62BBA7CBE00DA276D /* XCRemoteSwiftPackageReference "SnapKit" */,
			);
			productRefGroup = 23A75BBA2BB9756800DA276D /* Products */;
			projectDirPath = "";
			projectRoot = "";
			targets = (
				23A75BB82BB9756800DA276D /* NASA-APIs */,
			);
		};
/* End PBXProject section */

/* Begin PBXResourcesBuildPhase section */
		23A75BB72BB9756800DA276D /* Resources */ = {
			isa = PBXResourcesBuildPhase;
			buildActionMask = 2147483647;
			files = (
				23A75BC92BB9756900DA276D /* LaunchScreen.storyboard in Resources */,
				23A75BC62BB9756900DA276D /* Assets.xcassets in Resources */,
			);
			runOnlyForDeploymentPostprocessing = 0;
		};
/* End PBXResourcesBuildPhase section */

/* Begin PBXSourcesBuildPhase section */
		23A75BB52BB9756800DA276D /* Sources */ = {
			isa = PBXSourcesBuildPhase;
			buildActionMask = 2147483647;
			files = (
				23A75C152BBAD20800DA276D /* APIListCellModel.swift in Sources */,
				23A75BDA2BB993A200DA276D /* MainCoordinator.swift in Sources */,
				23A75BD72BB9934C00DA276D /* BaseCoordinatorProtocol.swift in Sources */,
				23A75BBD2BB9756800DA276D /* AppDelegate.swift in Sources */,
				23A75BBF2BB9756800DA276D /* SceneDelegate.swift in Sources */,
				23A75C312BBADBB700DA276D /* BaseViewController.swift in Sources */,
				1699631156A8CCB1C882D6C9 /* APIListViewInput.swift in Sources */,
				5695CD205D03263BEFABE6D1 /* APIListViewController.swift in Sources */,
				23A75C332BBAE0C300DA276D /* APODsCoordinator.swift in Sources */,
				466C1CE6F2D170AA4CC8F31F /* APIListPresenter.swift in Sources */,
				018BF0DAA77D07A0CBAD8B9C /* APIListInteractorOutput.swift in Sources */,
				3B5B096A6BF78401C833E273 /* APIListViewOutput.swift in Sources */,
				E3BE5580C90FCCA05442D98F /* APIListInteractorInput.swift in Sources */,
				917B9A7A86A485B15BEAF1BB /* APIListInteractor.swift in Sources */,
				7418CDCB40B41F917809AF77 /* APIListAssembly.swift in Sources */,
				8AA9ABF266A247A5CA6AA830 /* APIListModuleOutput.swift in Sources */,
				D698DD4ED67FE023B6F72201 /* APODsViewInput.swift in Sources */,
				C5217B7D546EFE406C6879B3 /* APODsViewController.swift in Sources */,
				41B272E6471878F3D7FE49B7 /* APODsPresenter.swift in Sources */,
				D308F3490B91FF108B1048A8 /* APODsInteractorOutput.swift in Sources */,
				E83C101BCE7C58F3EE284CF8 /* APODsViewOutput.swift in Sources */,
				B767420D20D21B46363E3970 /* APODsInteractorInput.swift in Sources */,
				5F235E029FB909BA5455FCA5 /* APODsInteractor.swift in Sources */,
				0AD2DA0806923800476DF3F2 /* APODsAssembly.swift in Sources */,
				8B90AE306C5C14C845E5DFCB /* APODsModuleOutput.swift in Sources */,
			);
			runOnlyForDeploymentPostprocessing = 0;
		};
/* End PBXSourcesBuildPhase section */

/* Begin PBXVariantGroup section */
		23A75BC72BB9756900DA276D /* LaunchScreen.storyboard */ = {
			isa = PBXVariantGroup;
			children = (
				23A75BC82BB9756900DA276D /* Base */,
			);
			name = LaunchScreen.storyboard;
			sourceTree = "<group>";
		};
/* End PBXVariantGroup section */

/* Begin XCBuildConfiguration section */
		23A75BCB2BB9756900DA276D /* Debug */ = {
			isa = XCBuildConfiguration;
			buildSettings = {
				ALWAYS_SEARCH_USER_PATHS = NO;
				ASSETCATALOG_COMPILER_GENERATE_SWIFT_ASSET_SYMBOL_EXTENSIONS = YES;
				CLANG_ANALYZER_NONNULL = YES;
				CLANG_ANALYZER_NUMBER_OBJECT_CONVERSION = YES_AGGRESSIVE;
				CLANG_CXX_LANGUAGE_STANDARD = "gnu++20";
				CLANG_ENABLE_MODULES = YES;
				CLANG_ENABLE_OBJC_ARC = YES;
				CLANG_ENABLE_OBJC_WEAK = YES;
				CLANG_WARN_BLOCK_CAPTURE_AUTORELEASING = YES;
				CLANG_WARN_BOOL_CONVERSION = YES;
				CLANG_WARN_COMMA = YES;
				CLANG_WARN_CONSTANT_CONVERSION = YES;
				CLANG_WARN_DEPRECATED_OBJC_IMPLEMENTATIONS = YES;
				CLANG_WARN_DIRECT_OBJC_ISA_USAGE = YES_ERROR;
				CLANG_WARN_DOCUMENTATION_COMMENTS = YES;
				CLANG_WARN_EMPTY_BODY = YES;
				CLANG_WARN_ENUM_CONVERSION = YES;
				CLANG_WARN_INFINITE_RECURSION = YES;
				CLANG_WARN_INT_CONVERSION = YES;
				CLANG_WARN_NON_LITERAL_NULL_CONVERSION = YES;
				CLANG_WARN_OBJC_IMPLICIT_RETAIN_SELF = YES;
				CLANG_WARN_OBJC_LITERAL_CONVERSION = YES;
				CLANG_WARN_OBJC_ROOT_CLASS = YES_ERROR;
				CLANG_WARN_QUOTED_INCLUDE_IN_FRAMEWORK_HEADER = YES;
				CLANG_WARN_RANGE_LOOP_ANALYSIS = YES;
				CLANG_WARN_STRICT_PROTOTYPES = YES;
				CLANG_WARN_SUSPICIOUS_MOVE = YES;
				CLANG_WARN_UNGUARDED_AVAILABILITY = YES_AGGRESSIVE;
				CLANG_WARN_UNREACHABLE_CODE = YES;
				CLANG_WARN__DUPLICATE_METHOD_MATCH = YES;
				COPY_PHASE_STRIP = NO;
				DEBUG_INFORMATION_FORMAT = dwarf;
				ENABLE_STRICT_OBJC_MSGSEND = YES;
				ENABLE_TESTABILITY = YES;
				ENABLE_USER_SCRIPT_SANDBOXING = YES;
				GCC_C_LANGUAGE_STANDARD = gnu17;
				GCC_DYNAMIC_NO_PIC = NO;
				GCC_NO_COMMON_BLOCKS = YES;
				GCC_OPTIMIZATION_LEVEL = 0;
				GCC_PREPROCESSOR_DEFINITIONS = (
					"DEBUG=1",
					"$(inherited)",
				);
				GCC_WARN_64_TO_32_BIT_CONVERSION = YES;
				GCC_WARN_ABOUT_RETURN_TYPE = YES_ERROR;
				GCC_WARN_UNDECLARED_SELECTOR = YES;
				GCC_WARN_UNINITIALIZED_AUTOS = YES_AGGRESSIVE;
				GCC_WARN_UNUSED_FUNCTION = YES;
				GCC_WARN_UNUSED_VARIABLE = YES;
				IPHONEOS_DEPLOYMENT_TARGET = 15.0;
				LOCALIZATION_PREFERS_STRING_CATALOGS = YES;
				MTL_ENABLE_DEBUG_INFO = INCLUDE_SOURCE;
				MTL_FAST_MATH = YES;
				ONLY_ACTIVE_ARCH = YES;
				SDKROOT = iphoneos;
				SWIFT_ACTIVE_COMPILATION_CONDITIONS = "DEBUG $(inherited)";
				SWIFT_OPTIMIZATION_LEVEL = "-Onone";
			};
			name = Debug;
		};
		23A75BCC2BB9756900DA276D /* Release */ = {
			isa = XCBuildConfiguration;
			buildSettings = {
				ALWAYS_SEARCH_USER_PATHS = NO;
				ASSETCATALOG_COMPILER_GENERATE_SWIFT_ASSET_SYMBOL_EXTENSIONS = YES;
				CLANG_ANALYZER_NONNULL = YES;
				CLANG_ANALYZER_NUMBER_OBJECT_CONVERSION = YES_AGGRESSIVE;
				CLANG_CXX_LANGUAGE_STANDARD = "gnu++20";
				CLANG_ENABLE_MODULES = YES;
				CLANG_ENABLE_OBJC_ARC = YES;
				CLANG_ENABLE_OBJC_WEAK = YES;
				CLANG_WARN_BLOCK_CAPTURE_AUTORELEASING = YES;
				CLANG_WARN_BOOL_CONVERSION = YES;
				CLANG_WARN_COMMA = YES;
				CLANG_WARN_CONSTANT_CONVERSION = YES;
				CLANG_WARN_DEPRECATED_OBJC_IMPLEMENTATIONS = YES;
				CLANG_WARN_DIRECT_OBJC_ISA_USAGE = YES_ERROR;
				CLANG_WARN_DOCUMENTATION_COMMENTS = YES;
				CLANG_WARN_EMPTY_BODY = YES;
				CLANG_WARN_ENUM_CONVERSION = YES;
				CLANG_WARN_INFINITE_RECURSION = YES;
				CLANG_WARN_INT_CONVERSION = YES;
				CLANG_WARN_NON_LITERAL_NULL_CONVERSION = YES;
				CLANG_WARN_OBJC_IMPLICIT_RETAIN_SELF = YES;
				CLANG_WARN_OBJC_LITERAL_CONVERSION = YES;
				CLANG_WARN_OBJC_ROOT_CLASS = YES_ERROR;
				CLANG_WARN_QUOTED_INCLUDE_IN_FRAMEWORK_HEADER = YES;
				CLANG_WARN_RANGE_LOOP_ANALYSIS = YES;
				CLANG_WARN_STRICT_PROTOTYPES = YES;
				CLANG_WARN_SUSPICIOUS_MOVE = YES;
				CLANG_WARN_UNGUARDED_AVAILABILITY = YES_AGGRESSIVE;
				CLANG_WARN_UNREACHABLE_CODE = YES;
				CLANG_WARN__DUPLICATE_METHOD_MATCH = YES;
				COPY_PHASE_STRIP = NO;
				DEBUG_INFORMATION_FORMAT = "dwarf-with-dsym";
				ENABLE_NS_ASSERTIONS = NO;
				ENABLE_STRICT_OBJC_MSGSEND = YES;
				ENABLE_USER_SCRIPT_SANDBOXING = YES;
				GCC_C_LANGUAGE_STANDARD = gnu17;
				GCC_NO_COMMON_BLOCKS = YES;
				GCC_WARN_64_TO_32_BIT_CONVERSION = YES;
				GCC_WARN_ABOUT_RETURN_TYPE = YES_ERROR;
				GCC_WARN_UNDECLARED_SELECTOR = YES;
				GCC_WARN_UNINITIALIZED_AUTOS = YES_AGGRESSIVE;
				GCC_WARN_UNUSED_FUNCTION = YES;
				GCC_WARN_UNUSED_VARIABLE = YES;
				IPHONEOS_DEPLOYMENT_TARGET = 15.0;
				LOCALIZATION_PREFERS_STRING_CATALOGS = YES;
				MTL_ENABLE_DEBUG_INFO = NO;
				MTL_FAST_MATH = YES;
				SDKROOT = iphoneos;
				SWIFT_COMPILATION_MODE = wholemodule;
				VALIDATE_PRODUCT = YES;
			};
			name = Release;
		};
		23A75BCE2BB9756900DA276D /* Debug */ = {
			isa = XCBuildConfiguration;
			buildSettings = {
				ASSETCATALOG_COMPILER_APPICON_NAME = AppIcon;
				ASSETCATALOG_COMPILER_GLOBAL_ACCENT_COLOR_NAME = AccentColor;
				CODE_SIGN_STYLE = Automatic;
				CURRENT_PROJECT_VERSION = 1;
				DEVELOPMENT_TEAM = HW8W9HVMNK;
				GENERATE_INFOPLIST_FILE = YES;
				INFOPLIST_FILE = "NASA-APIs/Configs/Info.plist";
				INFOPLIST_KEY_UIApplicationSupportsIndirectInputEvents = YES;
				INFOPLIST_KEY_UILaunchStoryboardName = LaunchScreen;
				INFOPLIST_KEY_UISupportedInterfaceOrientations = UIInterfaceOrientationPortrait;
				INFOPLIST_KEY_UISupportedInterfaceOrientations_iPad = "UIInterfaceOrientationLandscapeLeft UIInterfaceOrientationLandscapeRight UIInterfaceOrientationPortrait UIInterfaceOrientationPortraitUpsideDown";
				IPHONEOS_DEPLOYMENT_TARGET = 15.0;
				LD_RUNPATH_SEARCH_PATHS = (
					"$(inherited)",
					"@executable_path/Frameworks",
				);
				MARKETING_VERSION = 1.0;
				PRODUCT_BUNDLE_IDENTIFIER = "Latynskii.NASA-APIs";
				PRODUCT_NAME = "$(TARGET_NAME)";
				SUPPORTED_PLATFORMS = "iphoneos iphonesimulator";
				SUPPORTS_MACCATALYST = NO;
				SUPPORTS_MAC_DESIGNED_FOR_IPHONE_IPAD = NO;
				SWIFT_EMIT_LOC_STRINGS = YES;
				SWIFT_VERSION = 5.0;
				TARGETED_DEVICE_FAMILY = 1;
			};
			name = Debug;
		};
		23A75BCF2BB9756900DA276D /* Release */ = {
			isa = XCBuildConfiguration;
			buildSettings = {
				ASSETCATALOG_COMPILER_APPICON_NAME = AppIcon;
				ASSETCATALOG_COMPILER_GLOBAL_ACCENT_COLOR_NAME = AccentColor;
				CODE_SIGN_STYLE = Automatic;
				CURRENT_PROJECT_VERSION = 1;
				DEVELOPMENT_TEAM = HW8W9HVMNK;
				GENERATE_INFOPLIST_FILE = YES;
				INFOPLIST_FILE = "NASA-APIs/Configs/Info.plist";
				INFOPLIST_KEY_UIApplicationSupportsIndirectInputEvents = YES;
				INFOPLIST_KEY_UILaunchStoryboardName = LaunchScreen;
				INFOPLIST_KEY_UISupportedInterfaceOrientations = UIInterfaceOrientationPortrait;
				INFOPLIST_KEY_UISupportedInterfaceOrientations_iPad = "UIInterfaceOrientationLandscapeLeft UIInterfaceOrientationLandscapeRight UIInterfaceOrientationPortrait UIInterfaceOrientationPortraitUpsideDown";
				IPHONEOS_DEPLOYMENT_TARGET = 15.0;
				LD_RUNPATH_SEARCH_PATHS = (
					"$(inherited)",
					"@executable_path/Frameworks",
				);
				MARKETING_VERSION = 1.0;
				PRODUCT_BUNDLE_IDENTIFIER = "Latynskii.NASA-APIs";
				PRODUCT_NAME = "$(TARGET_NAME)";
				SUPPORTED_PLATFORMS = "iphoneos iphonesimulator";
				SUPPORTS_MACCATALYST = NO;
				SUPPORTS_MAC_DESIGNED_FOR_IPHONE_IPAD = NO;
				SWIFT_EMIT_LOC_STRINGS = YES;
				SWIFT_VERSION = 5.0;
				TARGETED_DEVICE_FAMILY = 1;
			};
			name = Release;
		};
/* End XCBuildConfiguration section */

/* Begin XCConfigurationList section */
		23A75BB42BB9756800DA276D /* Build configuration list for PBXProject "NASA-APIs" */ = {
			isa = XCConfigurationList;
			buildConfigurations = (
				23A75BCB2BB9756900DA276D /* Debug */,
				23A75BCC2BB9756900DA276D /* Release */,
			);
			defaultConfigurationIsVisible = 0;
			defaultConfigurationName = Release;
		};
		23A75BCD2BB9756900DA276D /* Build configuration list for PBXNativeTarget "NASA-APIs" */ = {
			isa = XCConfigurationList;
			buildConfigurations = (
				23A75BCE2BB9756900DA276D /* Debug */,
				23A75BCF2BB9756900DA276D /* Release */,
			);
			defaultConfigurationIsVisible = 0;
			defaultConfigurationName = Release;
		};
/* End XCConfigurationList section */

/* Begin XCRemoteSwiftPackageReference section */
		23A75BF62BBA7CBE00DA276D /* XCRemoteSwiftPackageReference "SnapKit" */ = {
			isa = XCRemoteSwiftPackageReference;
			repositoryURL = "https://github.com/SnapKit/SnapKit";
			requirement = {
				kind = upToNextMajorVersion;
				minimumVersion = 5.7.1;
			};
		};
/* End XCRemoteSwiftPackageReference section */

/* Begin XCSwiftPackageProductDependency section */
		23A75BF72BBA7CBE00DA276D /* SnapKit */ = {
			isa = XCSwiftPackageProductDependency;
			package = 23A75BF62BBA7CBE00DA276D /* XCRemoteSwiftPackageReference "SnapKit" */;
			productName = SnapKit;
		};
/* End XCSwiftPackageProductDependency section */
	};
	rootObject = 23A75BB12BB9756800DA276D /* Project object */;
}
